// !$*UTF8*$!
{
	archiveVersion = 1;
	classes = {
	};
	objectVersion = 46;
	objects = {

/* Begin PBXBuildFile section */
		CF1EB039221B5BEEDBE53074 /* queue_tests.cpp in Sources */ = {isa = PBXBuildFile; fileRef = CF1EBB79D07A235A1053BA19 /* queue_tests.cpp */; };
		CF1EB0392295D97D5DD50D1C /* heap_tests.cpp in Sources */ = {isa = PBXBuildFile; fileRef = CF1EBC14EFE996B3ADD565DD /* heap_tests.cpp */; };
		CF1EB0F89A34AB27329C8B1A /* binarytree_tests.cpp in Sources */ = {isa = PBXBuildFile; fileRef = CF1EBC56EBB2BCC85467AC0B /* binarytree_tests.cpp */; };
		CF1EB239368012A597DCFCE4 /* wildcard_expansion.cpp in Sources */ = {isa = PBXBuildFile; fileRef = CF1EB44250E26549DF004F48 /* wildcard_expansion.cpp */; };
		CF1EB2401FAF9441F948496C /* boolean_vector_tests.cpp in Sources */ = {isa = PBXBuildFile; fileRef = CF1EB3C620D49B831A62D4EF /* boolean_vector_tests.cpp */; };
		CF1EB24803C2471EDBF17D90 /* matrix_zero.cpp in Sources */ = {isa = PBXBuildFile; fileRef = CF1EB16379F3E4D677BB46E4 /* matrix_zero.cpp */; };
		CF1EB29E689CF7F766D8F401 /* greedy_tests.cpp in Sources */ = {isa = PBXBuildFile; fileRef = CF1EB4FBA0EB95A14148408A /* greedy_tests.cpp */; };
		CF1EB2B333685D13FA45F928 /* array_tests.cpp in Sources */ = {isa = PBXBuildFile; fileRef = CF1EB06416DB08E3C2CB3358 /* array_tests.cpp */; };
		CF1EB2E2D983C756DE3DC899 /* stack_tests.cpp in Sources */ = {isa = PBXBuildFile; fileRef = CF1EBA7CA7AF904298E363B5 /* stack_tests.cpp */; };
		CF1EB300BFD60E59E14CE9D6 /* job_scheduling.cpp in Sources */ = {isa = PBXBuildFile; fileRef = CF1EB4AD53432AC6E052A4E7 /* job_scheduling.cpp */; };
		CF1EB30F9731235A60AAE4B3 /* closestpair_test.cpp in Sources */ = {isa = PBXBuildFile; fileRef = CF1EBF001A7F6487E996B25A /* closestpair_test.cpp */; };
		CF1EB364EF0193A95988927C /* int_multiply.cpp in Sources */ = {isa = PBXBuildFile; fileRef = CF1EB6F1721CF1C33B74099F /* int_multiply.cpp */; };
		CF1EB37ACC7C2F0F6E303D96 /* dyn_prog_tests.cpp in Sources */ = {isa = PBXBuildFile; fileRef = CF1EBFAEE1CCD7EABA54C44B /* dyn_prog_tests.cpp */; };
		CF1EB403D3BB51432D1A95E9 /* lps.cpp in Sources */ = {isa = PBXBuildFile; fileRef = CF1EB9CD34909547D6EF5C05 /* lps.cpp */; };
		CF1EB413F48F0DF0D83899D2 /* all_tests.cpp in Sources */ = {isa = PBXBuildFile; fileRef = CF1EB9D25FA91012475C9A7B /* all_tests.cpp */; };
		CF1EB4A50D23F38478F84A23 /* max_profit_buy_sell.cpp in Sources */ = {isa = PBXBuildFile; fileRef = CF1EB351103FCF6CA0286315 /* max_profit_buy_sell.cpp */; };
		CF1EB4C3E5B0231D8AFB9928 /* anagram.cpp in Sources */ = {isa = PBXBuildFile; fileRef = CF1EBE63A460B1627CDC5440 /* anagram.cpp */; };
		CF1EB52E9D78FA34B482C081 /* main.cpp in Sources */ = {isa = PBXBuildFile; fileRef = CF1EB2C66331705B3E6A0E5E /* main.cpp */; };
		CF1EB5364EBF8CA9DE45688A /* fixed_capacity_bool_vector.cpp in Sources */ = {isa = PBXBuildFile; fileRef = CF1EBE9423C93CBFF7D718B7 /* fixed_capacity_bool_vector.cpp */; };
		CF1EB572E92282FA4AC45461 /* top_coder_tests.cpp in Sources */ = {isa = PBXBuildFile; fileRef = CF1EB6AD35DB15447AC199BF /* top_coder_tests.cpp */; };
		CF1EB59D0F84E29B715D7089 /* string_reverse.cpp in Sources */ = {isa = PBXBuildFile; fileRef = CF1EBF91FB1195A716A732ED /* string_reverse.cpp */; };
		CF1EB5F89A222F58A0EB31C5 /* stamp_coloring.cpp in Sources */ = {isa = PBXBuildFile; fileRef = CF1EB6AEEBC912DBBD9D9F81 /* stamp_coloring.cpp */; };
		CF1EB62CB96803426A0B894E /* ll_sum.cpp in Sources */ = {isa = PBXBuildFile; fileRef = CF1EB3E1E350D4E4ED4E8FBD /* ll_sum.cpp */; };
		CF1EB650357AA2FF5BED88A8 /* min_coins_for_sum.cpp in Sources */ = {isa = PBXBuildFile; fileRef = CF1EB896C580AB4CBCC9B64D /* min_coins_for_sum.cpp */; };
		CF1EB7469B57B55C1308B5F9 /* lss.cpp in Sources */ = {isa = PBXBuildFile; fileRef = CF1EBC8358C3921CDD1B5B38 /* lss.cpp */; };
		CF1EB77D7336FA7D69FB8B7E /* histogram_rectangle.cpp in Sources */ = {isa = PBXBuildFile; fileRef = CF1EB9868CBDFD4065E2DA83 /* histogram_rectangle.cpp */; };
		CF1EB7EDA4C1BBE1BAB697AC /* lpss.cpp in Sources */ = {isa = PBXBuildFile; fileRef = CF1EB82CF31A4DDF7E9FCF62 /* lpss.cpp */; };
		CF1EB7F64EE67EFFA2A3E5AC /* karatsuba_test.cpp in Sources */ = {isa = PBXBuildFile; fileRef = CF1EBFA029E17A849526FAD5 /* karatsuba_test.cpp */; };
		CF1EB80B6F95456BA51B5907 /* linkedlist_tests.cpp in Sources */ = {isa = PBXBuildFile; fileRef = CF1EBBCD6A44D03A34943F5D /* linkedlist_tests.cpp */; };
		CF1EB92F444809FF97D7C66D /* animal.cpp in Sources */ = {isa = PBXBuildFile; fileRef = CF1EBB84930C4056CB69BA48 /* animal.cpp */; };
		CF1EB9351ECCC2AC033CFF61 /* string_tests.cpp in Sources */ = {isa = PBXBuildFile; fileRef = CF1EB657EAAAA35BF2668115 /* string_tests.cpp */; };
		CF1EB96B8F48E06F1DEB4A3B /* lcs.cpp in Sources */ = {isa = PBXBuildFile; fileRef = CF1EBD7C88BE761EBB361A8D /* lcs.cpp */; };
		CF1EB973AF8175D15FE5E984 /* biggest_interval.cpp in Sources */ = {isa = PBXBuildFile; fileRef = CF1EBC45ADD0590B8A7C15B8 /* biggest_interval.cpp */; };
		CF1EB9B1C78514EAA8FD9650 /* stringcompress.cpp in Sources */ = {isa = PBXBuildFile; fileRef = CF1EB89DE59576B959800402 /* stringcompress.cpp */; };
		CF1EBA3DD63803351652F3E8 /* palindrome.cpp in Sources */ = {isa = PBXBuildFile; fileRef = CF1EB7260BC2F033EEEEB825 /* palindrome.cpp */; };
		CF1EBB0E0F8C11526D6E28D8 /* selection_tests.cpp in Sources */ = {isa = PBXBuildFile; fileRef = CF1EBF75850B46F791BC06CE /* selection_tests.cpp */; };
		CF1EBB7B967E397DB11A4165 /* lis.cpp in Sources */ = {isa = PBXBuildFile; fileRef = CF1EB49218E06E6DF56ADC8F /* lis.cpp */; };
		CF1EBB8D4F6D08AE541D2377 /* sorting_tests.cpp in Sources */ = {isa = PBXBuildFile; fileRef = CF1EB93CF7FBF2EE349D3F33 /* sorting_tests.cpp */; };
		CF1EBB9BC1A5FD8E0B06AFAF /* median.cpp in Sources */ = {isa = PBXBuildFile; fileRef = CF1EBDA0B021DA2C004A90F7 /* median.cpp */; };
		CF1EBC1E3A2DD48FA5FFD5FE /* string_permute.cpp in Sources */ = {isa = PBXBuildFile; fileRef = CF1EBFAD3555177536913ADC /* string_permute.cpp */; };
		CF1EBC57C174724B6BC7325A /* lrucache_test.cpp in Sources */ = {isa = PBXBuildFile; fileRef = CF1EB4DBE6618C7DE29549BB /* lrucache_test.cpp */; };
		CF1EBC5891A89FBA69549F96 /* colorful_road.cpp in Sources */ = {isa = PBXBuildFile; fileRef = CF1EB4F1AA847C088D6D1DAC /* colorful_road.cpp */; };
		CF1EBD16D19D1B48120368C7 /* integer_knapsack.cpp in Sources */ = {isa = PBXBuildFile; fileRef = CF1EB23BB98ACD97EBCFDA7D /* integer_knapsack.cpp */; };
		CF1EBD35AA3A9AF8049F4A82 /* graph_tests.cpp in Sources */ = {isa = PBXBuildFile; fileRef = CF1EB1BB2266794C6E42CAAF /* graph_tests.cpp */; };
		CF1EBD9A5CEA3375B6F3FBF8 /* string_normalize.cpp in Sources */ = {isa = PBXBuildFile; fileRef = CF1EBBEB7F1D3D7DD421BE7B /* string_normalize.cpp */; };
		CF1EBDDE8EB22D412FEB9610 /* max_overlapping_intervals.cpp in Sources */ = {isa = PBXBuildFile; fileRef = CF1EB91EF3129FF73C86DB0E /* max_overlapping_intervals.cpp */; };
		CF1EBDEC492DE94E2A9280E4 /* stack_sort.cpp in Sources */ = {isa = PBXBuildFile; fileRef = CF1EBC3E5D768E7C5EFBDD00 /* stack_sort.cpp */; };
		CF1EBE7E7AA7D5E0D2A18E50 /* word_chain.cpp in Sources */ = {isa = PBXBuildFile; fileRef = CF1EB32EBB41BCCE35BD3781 /* word_chain.cpp */; };
		CF1EBF5D90B026BBECE589D3 /* steps_to_permutation.cpp in Sources */ = {isa = PBXBuildFile; fileRef = CF1EB08F4D2AD1855DADE7E1 /* steps_to_permutation.cpp */; };
		CF1EBF712B74B0431C345419 /* subsetswithsum.cpp in Sources */ = {isa = PBXBuildFile; fileRef = CF1EB87B70B943B142060382 /* subsetswithsum.cpp */; };
		CF1EBF9C7673EE6723DE3D58 /* shuffle.cpp in Sources */ = {isa = PBXBuildFile; fileRef = CF1EB63B5D35E55D468B30EC /* shuffle.cpp */; };
		CF1EBFD23CDFFBCABA2D3760 /* closestpair.cpp in Sources */ = {isa = PBXBuildFile; fileRef = CF1EB57F7A8D2564D2373F24 /* closestpair.cpp */; };
		CF1EBFE63A4BC993871644DE /* fibonacci.cpp in Sources */ = {isa = PBXBuildFile; fileRef = CF1EBAAE67D5692E48783213 /* fibonacci.cpp */; };
		CF1EBFE6DF9F120C5196121D /* stable_partition.cpp in Sources */ = {isa = PBXBuildFile; fileRef = CF1EBD2D277C0D16964A3E42 /* stable_partition.cpp */; };
		CF1EBFFC02A3C24ACA84641F /* gtest-all.cc in Sources */ = {isa = PBXBuildFile; fileRef = CF1EB7AEF75F13EDB2294D79 /* gtest-all.cc */; };
/* End PBXBuildFile section */

/* Begin PBXBuildRule section */
		825635AD18093C4000C1F07A /* PBXBuildRule */ = {
			isa = PBXBuildRule;
			compilerSpec = com.apple.compilers.proxy.script;
			fileType = pattern.proxy;
			isEditable = 1;
			outputFiles = (
			);
		};
/* End PBXBuildRule section */

/* Begin PBXCopyFilesBuildPhase section */
		825634F81809289900C1F07A /* CopyFiles */ = {
			isa = PBXCopyFilesBuildPhase;
			buildActionMask = 2147483647;
			dstPath = /usr/share/man/man1/;
			dstSubfolderSpec = 0;
			files = (
			);
			runOnlyForDeploymentPostprocessing = 1;
		};
/* End PBXCopyFilesBuildPhase section */

/* Begin PBXFileReference section */
		CF1EB01C01D12BB0220CF3DD /* steps_to_permutation.h */ = {isa = PBXFileReference; fileEncoding = 4; lastKnownFileType = sourcecode.c.h; path = steps_to_permutation.h; sourceTree = "<group>"; };
		CF1EB0273EEB6C09A2CE3E54 /* selection.h */ = {isa = PBXFileReference; fileEncoding = 4; lastKnownFileType = sourcecode.c.h; path = selection.h; sourceTree = "<group>"; };
		CF1EB034A12261BEDE2C06AC /* gtest.h */ = {isa = PBXFileReference; fileEncoding = 4; lastKnownFileType = sourcecode.c.h; path = gtest.h; sourceTree = "<group>"; };
		CF1EB0457A998492CAFAA0AA /* myqueue.h */ = {isa = PBXFileReference; fileEncoding = 4; lastKnownFileType = sourcecode.c.h; path = myqueue.h; sourceTree = "<group>"; };
		CF1EB06416DB08E3C2CB3358 /* array_tests.cpp */ = {isa = PBXFileReference; fileEncoding = 4; lastKnownFileType = sourcecode.cpp.cpp; path = array_tests.cpp; sourceTree = "<group>"; };
		CF1EB07680CA22D1917A118C /* threestacks.h */ = {isa = PBXFileReference; fileEncoding = 4; lastKnownFileType = sourcecode.c.h; path = threestacks.h; sourceTree = "<group>"; };
		CF1EB08BA373AF5F588AB46E /* SCC.txt */ = {isa = PBXFileReference; fileEncoding = 4; lastKnownFileType = text; path = SCC.txt; sourceTree = "<group>"; };
		CF1EB08F4D2AD1855DADE7E1 /* steps_to_permutation.cpp */ = {isa = PBXFileReference; fileEncoding = 4; lastKnownFileType = sourcecode.cpp.cpp; path = steps_to_permutation.cpp; sourceTree = "<group>"; };
		CF1EB098AA8D725B123F289E /* string_normalize.h */ = {isa = PBXFileReference; fileEncoding = 4; lastKnownFileType = sourcecode.c.h; path = string_normalize.h; sourceTree = "<group>"; };
		CF1EB0F15E359D710E7A0B3B /* SCC_Test1.txt */ = {isa = PBXFileReference; fileEncoding = 4; lastKnownFileType = text; path = SCC_Test1.txt; sourceTree = "<group>"; };
		CF1EB16379F3E4D677BB46E4 /* matrix_zero.cpp */ = {isa = PBXFileReference; fileEncoding = 4; lastKnownFileType = sourcecode.cpp.cpp; path = matrix_zero.cpp; sourceTree = "<group>"; };
		CF1EB164742A75A37776A78F /* README.md */ = {isa = PBXFileReference; lastKnownFileType = file.md; path = README.md; sourceTree = "<group>"; };
		CF1EB16C0AC5652B04C4C834 /* topkelements.h */ = {isa = PBXFileReference; fileEncoding = 4; lastKnownFileType = sourcecode.c.h; path = topkelements.h; sourceTree = "<group>"; };
		CF1EB1B139A814ACEEC159F7 /* closestpair.h */ = {isa = PBXFileReference; fileEncoding = 4; lastKnownFileType = sourcecode.c.h; path = closestpair.h; sourceTree = "<group>"; };
		CF1EB1BB2266794C6E42CAAF /* graph_tests.cpp */ = {isa = PBXFileReference; fileEncoding = 4; lastKnownFileType = sourcecode.cpp.cpp; path = graph_tests.cpp; sourceTree = "<group>"; };
		CF1EB1D36E7FAD139A252C7D /* permutations.h */ = {isa = PBXFileReference; fileEncoding = 4; lastKnownFileType = sourcecode.c.h; path = permutations.h; sourceTree = "<group>"; };
		CF1EB1E51FACADDC545C6945 /* integer_knapsack.h */ = {isa = PBXFileReference; fileEncoding = 4; lastKnownFileType = sourcecode.c.h; path = integer_knapsack.h; sourceTree = "<group>"; };
		CF1EB1E6F4DF473D8F7280F6 /* max_profit_buy_sell.h */ = {isa = PBXFileReference; fileEncoding = 4; lastKnownFileType = sourcecode.c.h; path = max_profit_buy_sell.h; sourceTree = "<group>"; };
		CF1EB236F15822E518C53A1E /* 10.txt */ = {isa = PBXFileReference; fileEncoding = 4; lastKnownFileType = text; path = 10.txt; sourceTree = "<group>"; };
		CF1EB23BB98ACD97EBCFDA7D /* integer_knapsack.cpp */ = {isa = PBXFileReference; fileEncoding = 4; lastKnownFileType = sourcecode.cpp.cpp; path = integer_knapsack.cpp; sourceTree = "<group>"; };
		CF1EB26EA7FC3A8A07B8E962 /* kargerMinCut.txt */ = {isa = PBXFileReference; fileEncoding = 4; lastKnownFileType = text; path = kargerMinCut.txt; sourceTree = "<group>"; };
		CF1EB29D3D2D1E68CFC8A4BC /* binaryheap.h */ = {isa = PBXFileReference; fileEncoding = 4; lastKnownFileType = sourcecode.c.h; path = binaryheap.h; sourceTree = "<group>"; };
		CF1EB2A9BDCE5979701AAB82 /* matrix_zero.h */ = {isa = PBXFileReference; fileEncoding = 4; lastKnownFileType = sourcecode.c.h; path = matrix_zero.h; sourceTree = "<group>"; };
		CF1EB2AF7C128440B8F663B6 /* max_overlapping_intervals.h */ = {isa = PBXFileReference; fileEncoding = 4; lastKnownFileType = sourcecode.c.h; path = max_overlapping_intervals.h; sourceTree = "<group>"; };
		CF1EB2C66331705B3E6A0E5E /* main.cpp */ = {isa = PBXFileReference; fileEncoding = 4; lastKnownFileType = sourcecode.cpp.cpp; path = main.cpp; sourceTree = "<group>"; };
		CF1EB2C9B125EDBAAD0899FB /* mincut.h */ = {isa = PBXFileReference; fileEncoding = 4; lastKnownFileType = sourcecode.c.h; path = mincut.h; sourceTree = "<group>"; };
		CF1EB305DBE7807DDE0EC64F /* anagram.h */ = {isa = PBXFileReference; fileEncoding = 4; lastKnownFileType = sourcecode.c.h; path = anagram.h; sourceTree = "<group>"; };
		CF1EB32EBB41BCCE35BD3781 /* word_chain.cpp */ = {isa = PBXFileReference; fileEncoding = 4; lastKnownFileType = sourcecode.cpp.cpp; path = word_chain.cpp; sourceTree = "<group>"; };
		CF1EB351103FCF6CA0286315 /* max_profit_buy_sell.cpp */ = {isa = PBXFileReference; fileEncoding = 4; lastKnownFileType = sourcecode.cpp.cpp; path = max_profit_buy_sell.cpp; sourceTree = "<group>"; };
		CF1EB3815E5D34E0639185C7 /* biggest_interval.h */ = {isa = PBXFileReference; fileEncoding = 4; lastKnownFileType = sourcecode.c.h; path = biggest_interval.h; sourceTree = "<group>"; };
		CF1EB3C620D49B831A62D4EF /* boolean_vector_tests.cpp */ = {isa = PBXFileReference; fileEncoding = 4; lastKnownFileType = sourcecode.cpp.cpp; path = boolean_vector_tests.cpp; sourceTree = "<group>"; };
		CF1EB3E1E350D4E4ED4E8FBD /* ll_sum.cpp */ = {isa = PBXFileReference; fileEncoding = 4; lastKnownFileType = sourcecode.cpp.cpp; path = ll_sum.cpp; sourceTree = "<group>"; };
		CF1EB44250E26549DF004F48 /* wildcard_expansion.cpp */ = {isa = PBXFileReference; fileEncoding = 4; lastKnownFileType = sourcecode.cpp.cpp; path = wildcard_expansion.cpp; sourceTree = "<group>"; };
		CF1EB48EB8E85E57BA1698A7 /* animal.h */ = {isa = PBXFileReference; fileEncoding = 4; lastKnownFileType = sourcecode.c.h; path = animal.h; sourceTree = "<group>"; };
		CF1EB49218E06E6DF56ADC8F /* lis.cpp */ = {isa = PBXFileReference; fileEncoding = 4; lastKnownFileType = sourcecode.cpp.cpp; path = lis.cpp; sourceTree = "<group>"; };
		CF1EB4AD53432AC6E052A4E7 /* job_scheduling.cpp */ = {isa = PBXFileReference; fileEncoding = 4; lastKnownFileType = sourcecode.cpp.cpp; path = job_scheduling.cpp; sourceTree = "<group>"; };
		CF1EB4B1181BA19D84CF780B /* string_reverse.h */ = {isa = PBXFileReference; fileEncoding = 4; lastKnownFileType = sourcecode.c.h; path = string_reverse.h; sourceTree = "<group>"; };
		CF1EB4DBE6618C7DE29549BB /* lrucache_test.cpp */ = {isa = PBXFileReference; fileEncoding = 4; lastKnownFileType = sourcecode.cpp.cpp; path = lrucache_test.cpp; sourceTree = "<group>"; };
		CF1EB4F1AA847C088D6D1DAC /* colorful_road.cpp */ = {isa = PBXFileReference; fileEncoding = 4; lastKnownFileType = sourcecode.cpp.cpp; path = colorful_road.cpp; sourceTree = "<group>"; };
		CF1EB4FBA0EB95A14148408A /* greedy_tests.cpp */ = {isa = PBXFileReference; fileEncoding = 4; lastKnownFileType = sourcecode.cpp.cpp; path = greedy_tests.cpp; sourceTree = "<group>"; };
		CF1EB57F7A8D2564D2373F24 /* closestpair.cpp */ = {isa = PBXFileReference; fileEncoding = 4; lastKnownFileType = sourcecode.cpp.cpp; path = closestpair.cpp; sourceTree = "<group>"; };
		CF1EB5A42F5A85E917FEB749 /* mystack.h */ = {isa = PBXFileReference; fileEncoding = 4; lastKnownFileType = sourcecode.c.h; path = mystack.h; sourceTree = "<group>"; };
		CF1EB61A6CE06167B7E321CE /* subsetswithsum.h */ = {isa = PBXFileReference; fileEncoding = 4; lastKnownFileType = sourcecode.c.h; path = subsetswithsum.h; sourceTree = "<group>"; };
		CF1EB63B5D35E55D468B30EC /* shuffle.cpp */ = {isa = PBXFileReference; fileEncoding = 4; lastKnownFileType = sourcecode.cpp.cpp; path = shuffle.cpp; sourceTree = "<group>"; };
		CF1EB657EAAAA35BF2668115 /* string_tests.cpp */ = {isa = PBXFileReference; fileEncoding = 4; lastKnownFileType = sourcecode.cpp.cpp; path = string_tests.cpp; sourceTree = "<group>"; };
		CF1EB6AD35DB15447AC199BF /* top_coder_tests.cpp */ = {isa = PBXFileReference; fileEncoding = 4; lastKnownFileType = sourcecode.cpp.cpp; path = top_coder_tests.cpp; sourceTree = "<group>"; };
		CF1EB6AEEBC912DBBD9D9F81 /* stamp_coloring.cpp */ = {isa = PBXFileReference; fileEncoding = 4; lastKnownFileType = sourcecode.cpp.cpp; path = stamp_coloring.cpp; sourceTree = "<group>"; };
		CF1EB6F1721CF1C33B74099F /* int_multiply.cpp */ = {isa = PBXFileReference; fileEncoding = 4; lastKnownFileType = sourcecode.cpp.cpp; path = int_multiply.cpp; sourceTree = "<group>"; };
		CF1EB706EAF03CDD9986166B /* lps.h */ = {isa = PBXFileReference; fileEncoding = 4; lastKnownFileType = sourcecode.c.h; path = lps.h; sourceTree = "<group>"; };
		CF1EB7260BC2F033EEEEB825 /* palindrome.cpp */ = {isa = PBXFileReference; fileEncoding = 4; lastKnownFileType = sourcecode.cpp.cpp; path = palindrome.cpp; sourceTree = "<group>"; };
		CF1EB74DB38FF93D7741DD95 /* ll_sum.h */ = {isa = PBXFileReference; fileEncoding = 4; lastKnownFileType = sourcecode.c.h; path = ll_sum.h; sourceTree = "<group>"; };
		CF1EB78FC236F79C24C282C7 /* palindrome.h */ = {isa = PBXFileReference; fileEncoding = 4; lastKnownFileType = sourcecode.c.h; path = palindrome.h; sourceTree = "<group>"; };
		CF1EB7A307D2899DC393D460 /* fixed_capacity_bool_vector.h */ = {isa = PBXFileReference; fileEncoding = 4; lastKnownFileType = sourcecode.c.h; path = fixed_capacity_bool_vector.h; sourceTree = "<group>"; };
		CF1EB7AEF75F13EDB2294D79 /* gtest-all.cc */ = {isa = PBXFileReference; fileEncoding = 4; lastKnownFileType = sourcecode.cpp.cpp; path = "gtest-all.cc"; sourceTree = "<group>"; };
		CF1EB7E01482CAF0302DEA06 /* lis.h */ = {isa = PBXFileReference; fileEncoding = 4; lastKnownFileType = sourcecode.c.h; path = lis.h; sourceTree = "<group>"; };
		CF1EB7E11C887E811CF23F4B /* median.h */ = {isa = PBXFileReference; fileEncoding = 4; lastKnownFileType = sourcecode.c.h; path = median.h; sourceTree = "<group>"; };
		CF1EB7E63F593B75ADBFF2DF /* dijkstraData.txt */ = {isa = PBXFileReference; fileEncoding = 4; lastKnownFileType = text; path = dijkstraData.txt; sourceTree = "<group>"; };
		CF1EB82CF31A4DDF7E9FCF62 /* lpss.cpp */ = {isa = PBXFileReference; fileEncoding = 4; lastKnownFileType = sourcecode.cpp.cpp; path = lpss.cpp; sourceTree = "<group>"; };
		CF1EB83BFF97F9A5297E6EB7 /* histogram_rectangle.h */ = {isa = PBXFileReference; fileEncoding = 4; lastKnownFileType = sourcecode.c.h; path = histogram_rectangle.h; sourceTree = "<group>"; };
		CF1EB87B70B943B142060382 /* subsetswithsum.cpp */ = {isa = PBXFileReference; fileEncoding = 4; lastKnownFileType = sourcecode.cpp.cpp; path = subsetswithsum.cpp; sourceTree = "<group>"; };
		CF1EB896C580AB4CBCC9B64D /* min_coins_for_sum.cpp */ = {isa = PBXFileReference; fileEncoding = 4; lastKnownFileType = sourcecode.cpp.cpp; path = min_coins_for_sum.cpp; sourceTree = "<group>"; };
		CF1EB89DE59576B959800402 /* stringcompress.cpp */ = {isa = PBXFileReference; fileEncoding = 4; lastKnownFileType = sourcecode.cpp.cpp; path = stringcompress.cpp; sourceTree = "<group>"; };
		CF1EB8BB6A62D1E8F6AC7DBA /* setofstacks.h */ = {isa = PBXFileReference; fileEncoding = 4; lastKnownFileType = sourcecode.c.h; path = setofstacks.h; sourceTree = "<group>"; };
		CF1EB8F8E7AF4CE3C27F71E9 /* stable_partition.h */ = {isa = PBXFileReference; fileEncoding = 4; lastKnownFileType = sourcecode.c.h; path = stable_partition.h; sourceTree = "<group>"; };
		CF1EB91EF3129FF73C86DB0E /* max_overlapping_intervals.cpp */ = {isa = PBXFileReference; fileEncoding = 4; lastKnownFileType = sourcecode.cpp.cpp; path = max_overlapping_intervals.cpp; sourceTree = "<group>"; };
		CF1EB92F44860343E6711BCA /* mincut2.txt */ = {isa = PBXFileReference; fileEncoding = 4; lastKnownFileType = text; path = mincut2.txt; sourceTree = "<group>"; };
		CF1EB93CF7FBF2EE349D3F33 /* sorting_tests.cpp */ = {isa = PBXFileReference; fileEncoding = 4; lastKnownFileType = sourcecode.cpp.cpp; path = sorting_tests.cpp; sourceTree = "<group>"; };
		CF1EB958E1C73CD81CD0CDA6 /* linked_lists.h */ = {isa = PBXFileReference; fileEncoding = 4; lastKnownFileType = sourcecode.c.h; path = linked_lists.h; sourceTree = "<group>"; };
		CF1EB9868CBDFD4065E2DA83 /* histogram_rectangle.cpp */ = {isa = PBXFileReference; fileEncoding = 4; lastKnownFileType = sourcecode.cpp.cpp; path = histogram_rectangle.cpp; sourceTree = "<group>"; };
		CF1EB9CD34909547D6EF5C05 /* lps.cpp */ = {isa = PBXFileReference; fileEncoding = 4; lastKnownFileType = sourcecode.cpp.cpp; path = lps.cpp; sourceTree = "<group>"; };
		CF1EB9D25FA91012475C9A7B /* all_tests.cpp */ = {isa = PBXFileReference; fileEncoding = 4; lastKnownFileType = sourcecode.cpp.cpp; path = all_tests.cpp; sourceTree = "<group>"; };
		CF1EBA052422739382504491 /* find_majority.h */ = {isa = PBXFileReference; fileEncoding = 4; lastKnownFileType = sourcecode.c.h; path = find_majority.h; sourceTree = "<group>"; };
		CF1EBA1784F1DFB1E8255A64 /* countinversions.h */ = {isa = PBXFileReference; fileEncoding = 4; lastKnownFileType = sourcecode.c.h; path = countinversions.h; sourceTree = "<group>"; };
		CF1EBA2237F8FE1D8FB922BE /* tower_of_hanoi.h */ = {isa = PBXFileReference; fileEncoding = 4; lastKnownFileType = sourcecode.c.h; path = tower_of_hanoi.h; sourceTree = "<group>"; };
		CF1EBA7266253664AE164734 /* SCC_Test2.txt */ = {isa = PBXFileReference; fileEncoding = 4; lastKnownFileType = text; path = SCC_Test2.txt; sourceTree = "<group>"; };
		CF1EBA7CA7AF904298E363B5 /* stack_tests.cpp */ = {isa = PBXFileReference; fileEncoding = 4; lastKnownFileType = sourcecode.cpp.cpp; path = stack_tests.cpp; sourceTree = "<group>"; };
		CF1EBA7D7D5C6919ECF87889 /* min_coins_for_sum.h */ = {isa = PBXFileReference; fileEncoding = 4; lastKnownFileType = sourcecode.c.h; path = min_coins_for_sum.h; sourceTree = "<group>"; };
		CF1EBAAE67D5692E48783213 /* fibonacci.cpp */ = {isa = PBXFileReference; fileEncoding = 4; lastKnownFileType = sourcecode.cpp.cpp; path = fibonacci.cpp; sourceTree = "<group>"; };
		CF1EBAD4ABC4E3AE3D2E6BB8 /* 1000.txt */ = {isa = PBXFileReference; fileEncoding = 4; lastKnownFileType = text; path = 1000.txt; sourceTree = "<group>"; };
		CF1EBADC005909D5C89D3BCF /* fibonacci.h */ = {isa = PBXFileReference; fileEncoding = 4; lastKnownFileType = sourcecode.c.h; path = fibonacci.h; sourceTree = "<group>"; };
		CF1EBB3AFFEB6E774F7E9761 /* wildcard_expansion.h */ = {isa = PBXFileReference; fileEncoding = 4; lastKnownFileType = sourcecode.c.h; path = wildcard_expansion.h; sourceTree = "<group>"; };
		CF1EBB79D07A235A1053BA19 /* queue_tests.cpp */ = {isa = PBXFileReference; fileEncoding = 4; lastKnownFileType = sourcecode.cpp.cpp; path = queue_tests.cpp; sourceTree = "<group>"; };
		CF1EBB84930C4056CB69BA48 /* animal.cpp */ = {isa = PBXFileReference; fileEncoding = 4; lastKnownFileType = sourcecode.cpp.cpp; path = animal.cpp; sourceTree = "<group>"; };
		CF1EBBA5BCA77E00509A2126 /* stringcompress.h */ = {isa = PBXFileReference; fileEncoding = 4; lastKnownFileType = sourcecode.c.h; path = stringcompress.h; sourceTree = "<group>"; };
		CF1EBBB15F32C34DFF6DA2C2 /* QuickSort.txt */ = {isa = PBXFileReference; fileEncoding = 4; lastKnownFileType = text; path = QuickSort.txt; sourceTree = "<group>"; };
		CF1EBBCD6A44D03A34943F5D /* linkedlist_tests.cpp */ = {isa = PBXFileReference; fileEncoding = 4; lastKnownFileType = sourcecode.cpp.cpp; path = linkedlist_tests.cpp; sourceTree = "<group>"; };
		CF1EBBD94FF1E7A5EB94D71C /* lpss.h */ = {isa = PBXFileReference; fileEncoding = 4; lastKnownFileType = sourcecode.c.h; path = lpss.h; sourceTree = "<group>"; };
		CF1EBBEB7F1D3D7DD421BE7B /* string_normalize.cpp */ = {isa = PBXFileReference; fileEncoding = 4; lastKnownFileType = sourcecode.cpp.cpp; path = string_normalize.cpp; sourceTree = "<group>"; };
		CF1EBC14EFE996B3ADD565DD /* heap_tests.cpp */ = {isa = PBXFileReference; fileEncoding = 4; lastKnownFileType = sourcecode.cpp.cpp; path = heap_tests.cpp; sourceTree = "<group>"; };
		CF1EBC3E5D768E7C5EFBDD00 /* stack_sort.cpp */ = {isa = PBXFileReference; fileEncoding = 4; lastKnownFileType = sourcecode.cpp.cpp; path = stack_sort.cpp; sourceTree = "<group>"; };
		CF1EBC45ADD0590B8A7C15B8 /* biggest_interval.cpp */ = {isa = PBXFileReference; fileEncoding = 4; lastKnownFileType = sourcecode.cpp.cpp; path = biggest_interval.cpp; sourceTree = "<group>"; };
		CF1EBC56EBB2BCC85467AC0B /* binarytree_tests.cpp */ = {isa = PBXFileReference; fileEncoding = 4; lastKnownFileType = sourcecode.cpp.cpp; path = binarytree_tests.cpp; sourceTree = "<group>"; };
		CF1EBC8358C3921CDD1B5B38 /* lss.cpp */ = {isa = PBXFileReference; fileEncoding = 4; lastKnownFileType = sourcecode.cpp.cpp; path = lss.cpp; sourceTree = "<group>"; };
		CF1EBCFFCD67697F4E714E72 /* SCC_Test3.txt */ = {isa = PBXFileReference; fileEncoding = 4; lastKnownFileType = text; path = SCC_Test3.txt; sourceTree = "<group>"; };
		CF1EBD237932D3DB9F881AF2 /* graph.h */ = {isa = PBXFileReference; fileEncoding = 4; lastKnownFileType = sourcecode.c.h; path = graph.h; sourceTree = "<group>"; };
		CF1EBD2523701393CB77B29D /* lcs.h */ = {isa = PBXFileReference; fileEncoding = 4; lastKnownFileType = sourcecode.c.h; path = lcs.h; sourceTree = "<group>"; };
		CF1EBD27B8FDD9CAA54434F2 /* string_permute.h */ = {isa = PBXFileReference; fileEncoding = 4; lastKnownFileType = sourcecode.c.h; path = string_permute.h; sourceTree = "<group>"; };
		CF1EBD2D277C0D16964A3E42 /* stable_partition.cpp */ = {isa = PBXFileReference; fileEncoding = 4; lastKnownFileType = sourcecode.cpp.cpp; path = stable_partition.cpp; sourceTree = "<group>"; };
		CF1EBD548CC0051AA80FBF39 /* 100.txt */ = {isa = PBXFileReference; fileEncoding = 4; lastKnownFileType = text; path = 100.txt; sourceTree = "<group>"; };
		CF1EBD7C88BE761EBB361A8D /* lcs.cpp */ = {isa = PBXFileReference; fileEncoding = 4; lastKnownFileType = sourcecode.cpp.cpp; path = lcs.cpp; sourceTree = "<group>"; };
		CF1EBDA0B021DA2C004A90F7 /* median.cpp */ = {isa = PBXFileReference; fileEncoding = 4; lastKnownFileType = sourcecode.cpp.cpp; path = median.cpp; sourceTree = "<group>"; };
		CF1EBDE3C276FF4A34F95042 /* lrucache.h */ = {isa = PBXFileReference; fileEncoding = 4; lastKnownFileType = sourcecode.c.h; path = lrucache.h; sourceTree = "<group>"; };
		CF1EBDF58F0A18F7A316BB08 /* stack_sort.h */ = {isa = PBXFileReference; fileEncoding = 4; lastKnownFileType = sourcecode.c.h; path = stack_sort.h; sourceTree = "<group>"; };
		CF1EBE63A460B1627CDC5440 /* anagram.cpp */ = {isa = PBXFileReference; fileEncoding = 4; lastKnownFileType = sourcecode.cpp.cpp; path = anagram.cpp; sourceTree = "<group>"; };
		CF1EBE82EFD5CD9FB5529C6C /* shuffle.h */ = {isa = PBXFileReference; fileEncoding = 4; lastKnownFileType = sourcecode.c.h; path = shuffle.h; sourceTree = "<group>"; };
		CF1EBE9369A2EB548BA8289F /* sorting.h */ = {isa = PBXFileReference; fileEncoding = 4; lastKnownFileType = sourcecode.c.h; path = sorting.h; sourceTree = "<group>"; };
		CF1EBE9423C93CBFF7D718B7 /* fixed_capacity_bool_vector.cpp */ = {isa = PBXFileReference; fileEncoding = 4; lastKnownFileType = sourcecode.cpp.cpp; path = fixed_capacity_bool_vector.cpp; sourceTree = "<group>"; };
		CF1EBEAEA143E358CD318DBD /* word_chain.h */ = {isa = PBXFileReference; fileEncoding = 4; lastKnownFileType = sourcecode.c.h; path = word_chain.h; sourceTree = "<group>"; };
		CF1EBEFCC89A925775D6C1CE /* top_coder_tests.h */ = {isa = PBXFileReference; fileEncoding = 4; lastKnownFileType = sourcecode.c.h; path = top_coder_tests.h; sourceTree = "<group>"; };
		CF1EBF001A7F6487E996B25A /* closestpair_test.cpp */ = {isa = PBXFileReference; fileEncoding = 4; lastKnownFileType = sourcecode.cpp.cpp; path = closestpair_test.cpp; sourceTree = "<group>"; };
		CF1EBF1E0A27F8A829D45504 /* stack_min.h */ = {isa = PBXFileReference; fileEncoding = 4; lastKnownFileType = sourcecode.c.h; path = stack_min.h; sourceTree = "<group>"; };
		CF1EBF326A4E5D7AE628AEDF /* job_scheduling.h */ = {isa = PBXFileReference; fileEncoding = 4; lastKnownFileType = sourcecode.c.h; path = job_scheduling.h; sourceTree = "<group>"; };
		CF1EBF3410DF9C4FE2F1C200 /* binarytree.h */ = {isa = PBXFileReference; fileEncoding = 4; lastKnownFileType = sourcecode.c.h; path = binarytree.h; sourceTree = "<group>"; };
		CF1EBF55AAE0165C1236684D /* int_multiply.h */ = {isa = PBXFileReference; fileEncoding = 4; lastKnownFileType = sourcecode.c.h; path = int_multiply.h; sourceTree = "<group>"; };
		CF1EBF65E8C682092BCD2FC4 /* mediumDG.txt */ = {isa = PBXFileReference; fileEncoding = 4; lastKnownFileType = text; path = mediumDG.txt; sourceTree = "<group>"; };
		CF1EBF75850B46F791BC06CE /* selection_tests.cpp */ = {isa = PBXFileReference; fileEncoding = 4; lastKnownFileType = sourcecode.cpp.cpp; path = selection_tests.cpp; sourceTree = "<group>"; };
		CF1EBF810C1C5EE030463B44 /* linked_list_node.h */ = {isa = PBXFileReference; fileEncoding = 4; lastKnownFileType = sourcecode.c.h; path = linked_list_node.h; sourceTree = "<group>"; };
		CF1EBF91FB1195A716A732ED /* string_reverse.cpp */ = {isa = PBXFileReference; fileEncoding = 4; lastKnownFileType = sourcecode.cpp.cpp; path = string_reverse.cpp; sourceTree = "<group>"; };
		CF1EBFA029E17A849526FAD5 /* karatsuba_test.cpp */ = {isa = PBXFileReference; fileEncoding = 4; lastKnownFileType = sourcecode.cpp.cpp; path = karatsuba_test.cpp; sourceTree = "<group>"; };
		CF1EBFAD3555177536913ADC /* string_permute.cpp */ = {isa = PBXFileReference; fileEncoding = 4; lastKnownFileType = sourcecode.cpp.cpp; path = string_permute.cpp; sourceTree = "<group>"; };
		CF1EBFAEE1CCD7EABA54C44B /* dyn_prog_tests.cpp */ = {isa = PBXFileReference; fileEncoding = 4; lastKnownFileType = sourcecode.cpp.cpp; path = dyn_prog_tests.cpp; sourceTree = "<group>"; };
		CF1EBFD14C95B383942BACA4 /* lss.h */ = {isa = PBXFileReference; fileEncoding = 4; lastKnownFileType = sourcecode.c.h; path = lss.h; sourceTree = "<group>"; };
		CF1EBFD1A0DC398AFAE96DA4 /* animalqueue.h */ = {isa = PBXFileReference; fileEncoding = 4; lastKnownFileType = sourcecode.c.h; path = animalqueue.h; sourceTree = "<group>"; };
		CF1EBFE71A4C2CCAF8F9D5A5 /* IntegerArray.txt */ = {isa = PBXFileReference; fileEncoding = 4; lastKnownFileType = text; path = IntegerArray.txt; sourceTree = "<group>"; };
/* End PBXFileReference section */

/* Begin PBXFrameworksBuildPhase section */
		825634F71809289900C1F07A /* Frameworks */ = {
			isa = PBXFrameworksBuildPhase;
			buildActionMask = 2147483647;
			files = (
			);
			runOnlyForDeploymentPostprocessing = 0;
		};
/* End PBXFrameworksBuildPhase section */

/* Begin PBXGroup section */
		825634EF1809289800C1F07A = {
			isa = PBXGroup;
			children = (
				CF1EBC6F774D17FFD7E6C3F0 /* src */,
				CF1EB3797BF5E3D9A9AAF703 /* contrib */,
				CF1EB7919C9F620C423031F9 /* tests */,
				CF1EB6E5C6E283CD159A4D24 /* inputs */,
				CF1EB164742A75A37776A78F /* README.md */,
			);
			sourceTree = "<group>";
		};
		CF1EB3797BF5E3D9A9AAF703 /* contrib */ = {
			isa = PBXGroup;
			children = (
				CF1EBFC1133EB71B0B0B545E /* gtest */,
			);
			path = contrib;
			sourceTree = "<group>";
		};
		CF1EB6E5C6E283CD159A4D24 /* inputs */ = {
			isa = PBXGroup;
			children = (
				CF1EBAD4ABC4E3AE3D2E6BB8 /* 1000.txt */,
				CF1EB236F15822E518C53A1E /* 10.txt */,
				CF1EBD548CC0051AA80FBF39 /* 100.txt */,
				CF1EB92F44860343E6711BCA /* mincut2.txt */,
				CF1EB08BA373AF5F588AB46E /* SCC.txt */,
				CF1EBA7266253664AE164734 /* SCC_Test2.txt */,
				CF1EBBB15F32C34DFF6DA2C2 /* QuickSort.txt */,
				CF1EB0F15E359D710E7A0B3B /* SCC_Test1.txt */,
				CF1EBCFFCD67697F4E714E72 /* SCC_Test3.txt */,
				CF1EBF65E8C682092BCD2FC4 /* mediumDG.txt */,
				CF1EB7E63F593B75ADBFF2DF /* dijkstraData.txt */,
				CF1EBFE71A4C2CCAF8F9D5A5 /* IntegerArray.txt */,
				CF1EB26EA7FC3A8A07B8E962 /* kargerMinCut.txt */,
			);
			path = inputs;
			sourceTree = "<group>";
		};
		CF1EB7919C9F620C423031F9 /* tests */ = {
			isa = PBXGroup;
			children = (
				CF1EB9D25FA91012475C9A7B /* all_tests.cpp */,
				CF1EBC14EFE996B3ADD565DD /* heap_tests.cpp */,
				CF1EB06416DB08E3C2CB3358 /* array_tests.cpp */,
				CF1EB1BB2266794C6E42CAAF /* graph_tests.cpp */,
				CF1EBB79D07A235A1053BA19 /* queue_tests.cpp */,
				CF1EBA7CA7AF904298E363B5 /* stack_tests.cpp */,
				CF1EB4FBA0EB95A14148408A /* greedy_tests.cpp */,
				CF1EB657EAAAA35BF2668115 /* string_tests.cpp */,
				CF1EB4DBE6618C7DE29549BB /* lrucache_test.cpp */,
				CF1EB93CF7FBF2EE349D3F33 /* sorting_tests.cpp */,
				CF1EBFAEE1CCD7EABA54C44B /* dyn_prog_tests.cpp */,
				CF1EBFA029E17A849526FAD5 /* karatsuba_test.cpp */,
				CF1EBF75850B46F791BC06CE /* selection_tests.cpp */,
				CF1EBC56EBB2BCC85467AC0B /* binarytree_tests.cpp */,
				CF1EBF001A7F6487E996B25A /* closestpair_test.cpp */,
				CF1EBBCD6A44D03A34943F5D /* linkedlist_tests.cpp */,
				CF1EB3C620D49B831A62D4EF /* boolean_vector_tests.cpp */,
				CF1EB6AD35DB15447AC199BF /* top_coder_tests.cpp */,
			);
			path = tests;
			sourceTree = "<group>";
		};
		CF1EBC6F774D17FFD7E6C3F0 /* src */ = {
			isa = PBXGroup;
			children = (
				CF1EBD2523701393CB77B29D /* lcs.h */,
				CF1EB7E01482CAF0302DEA06 /* lis.h */,
				CF1EB706EAF03CDD9986166B /* lps.h */,
				CF1EBFD14C95B383942BACA4 /* lss.h */,
				CF1EBBD94FF1E7A5EB94D71C /* lpss.h */,
				CF1EBD237932D3DB9F881AF2 /* graph.h */,
				CF1EBD7C88BE761EBB361A8D /* lcs.cpp */,
				CF1EB49218E06E6DF56ADC8F /* lis.cpp */,
				CF1EB9CD34909547D6EF5C05 /* lps.cpp */,
				CF1EBC8358C3921CDD1B5B38 /* lss.cpp */,
				CF1EB48EB8E85E57BA1698A7 /* animal.h */,
				CF1EB74DB38FF93D7741DD95 /* ll_sum.h */,
				CF1EB82CF31A4DDF7E9FCF62 /* lpss.cpp */,
				CF1EB2C66331705B3E6A0E5E /* main.cpp */,
				CF1EB7E11C887E811CF23F4B /* median.h */,
				CF1EB2C9B125EDBAAD0899FB /* mincut.h */,
				CF1EB305DBE7807DDE0EC64F /* anagram.h */,
				CF1EB0457A998492CAFAA0AA /* myqueue.h */,
				CF1EB5A42F5A85E917FEB749 /* mystack.h */,
				CF1EBE82EFD5CD9FB5529C6C /* shuffle.h */,
				CF1EBE9369A2EB548BA8289F /* sorting.h */,
				CF1EBB84930C4056CB69BA48 /* animal.cpp */,
				CF1EB3E1E350D4E4ED4E8FBD /* ll_sum.cpp */,
				CF1EBDE3C276FF4A34F95042 /* lrucache.h */,
				CF1EBDA0B021DA2C004A90F7 /* median.cpp */,
				CF1EBE63A460B1627CDC5440 /* anagram.cpp */,
				CF1EBADC005909D5C89D3BCF /* fibonacci.h */,
				CF1EB0273EEB6C09A2CE3E54 /* selection.h */,
				CF1EB63B5D35E55D468B30EC /* shuffle.cpp */,
				CF1EBF1E0A27F8A829D45504 /* stack_min.h */,
				CF1EB29D3D2D1E68CFC8A4BC /* binaryheap.h */,
				CF1EBF3410DF9C4FE2F1C200 /* binarytree.h */,
				CF1EBDF58F0A18F7A316BB08 /* stack_sort.h */,
				CF1EBEAEA143E358CD318DBD /* word_chain.h */,
				CF1EBFD1A0DC398AFAE96DA4 /* animalqueue.h */,
				CF1EB1B139A814ACEEC159F7 /* closestpair.h */,
				CF1EBAAE67D5692E48783213 /* fibonacci.cpp */,
				CF1EB2A9BDCE5979701AAB82 /* matrix_zero.h */,
				CF1EB8BB6A62D1E8F6AC7DBA /* setofstacks.h */,
				CF1EB07680CA22D1917A118C /* threestacks.h */,
				CF1EBF55AAE0165C1236684D /* int_multiply.h */,
				CF1EB958E1C73CD81CD0CDA6 /* linked_lists.h */,
				CF1EB1D36E7FAD139A252C7D /* permutations.h */,
				CF1EBC3E5D768E7C5EFBDD00 /* stack_sort.cpp */,
				CF1EB16C0AC5652B04C4C834 /* topkelements.h */,
				CF1EB32EBB41BCCE35BD3781 /* word_chain.cpp */,
				CF1EB57F7A8D2564D2373F24 /* closestpair.cpp */,
				CF1EBA052422739382504491 /* find_majority.h */,
				CF1EB16379F3E4D677BB46E4 /* matrix_zero.cpp */,
				CF1EB6F1721CF1C33B74099F /* int_multiply.cpp */,
				CF1EBF326A4E5D7AE628AEDF /* job_scheduling.h */,
				CF1EBD27B8FDD9CAA54434F2 /* string_permute.h */,
				CF1EB4B1181BA19D84CF780B /* string_reverse.h */,
				CF1EBBA5BCA77E00509A2126 /* stringcompress.h */,
				CF1EB61A6CE06167B7E321CE /* subsetswithsum.h */,
				CF1EBA2237F8FE1D8FB922BE /* tower_of_hanoi.h */,
				CF1EBA1784F1DFB1E8255A64 /* countinversions.h */,
				CF1EB3815E5D34E0639185C7 /* biggest_interval.h */,
				CF1EB1E51FACADDC545C6945 /* integer_knapsack.h */,
				CF1EB4AD53432AC6E052A4E7 /* job_scheduling.cpp */,
				CF1EBF810C1C5EE030463B44 /* linked_list_node.h */,
				CF1EB8F8E7AF4CE3C27F71E9 /* stable_partition.h */,
				CF1EB098AA8D725B123F289E /* string_normalize.h */,
				CF1EBFAD3555177536913ADC /* string_permute.cpp */,
				CF1EBF91FB1195A716A732ED /* string_reverse.cpp */,
				CF1EB89DE59576B959800402 /* stringcompress.cpp */,
				CF1EB87B70B943B142060382 /* subsetswithsum.cpp */,
				CF1EBA7D7D5C6919ECF87889 /* min_coins_for_sum.h */,
				CF1EBC45ADD0590B8A7C15B8 /* biggest_interval.cpp */,
				CF1EB23BB98ACD97EBCFDA7D /* integer_knapsack.cpp */,
				CF1EBD2D277C0D16964A3E42 /* stable_partition.cpp */,
				CF1EBBEB7F1D3D7DD421BE7B /* string_normalize.cpp */,
				CF1EBB3AFFEB6E774F7E9761 /* wildcard_expansion.h */,
				CF1EB83BFF97F9A5297E6EB7 /* histogram_rectangle.h */,
				CF1EB1E6F4DF473D8F7280F6 /* max_profit_buy_sell.h */,
				CF1EB896C580AB4CBCC9B64D /* min_coins_for_sum.cpp */,
				CF1EB01C01D12BB0220CF3DD /* steps_to_permutation.h */,
				CF1EB44250E26549DF004F48 /* wildcard_expansion.cpp */,
				CF1EB9868CBDFD4065E2DA83 /* histogram_rectangle.cpp */,
				CF1EB351103FCF6CA0286315 /* max_profit_buy_sell.cpp */,
				CF1EB08F4D2AD1855DADE7E1 /* steps_to_permutation.cpp */,
				CF1EB2AF7C128440B8F663B6 /* max_overlapping_intervals.h */,
				CF1EB7A307D2899DC393D460 /* fixed_capacity_bool_vector.h */,
				CF1EB91EF3129FF73C86DB0E /* max_overlapping_intervals.cpp */,
				CF1EBE9423C93CBFF7D718B7 /* fixed_capacity_bool_vector.cpp */,
				CF1EB78FC236F79C24C282C7 /* palindrome.h */,
				CF1EB7260BC2F033EEEEB825 /* palindrome.cpp */,
				CF1EBEFCC89A925775D6C1CE /* top_coder_tests.h */,
				CF1EB6AEEBC912DBBD9D9F81 /* stamp_coloring.cpp */,
				CF1EB4F1AA847C088D6D1DAC /* colorful_road.cpp */,
			);
			path = src;
			sourceTree = "<group>";
		};
		CF1EBFC1133EB71B0B0B545E /* gtest */ = {
			isa = PBXGroup;
			children = (
				CF1EB034A12261BEDE2C06AC /* gtest.h */,
				CF1EB7AEF75F13EDB2294D79 /* gtest-all.cc */,
			);
			path = gtest;
			sourceTree = "<group>";
		};
/* End PBXGroup section */

/* Begin PBXNativeTarget section */
		825634F91809289900C1F07A /* Algorithms */ = {
			isa = PBXNativeTarget;
			buildConfigurationList = 825635041809289900C1F07A /* Build configuration list for PBXNativeTarget "Algorithms" */;
			buildPhases = (
				825634F61809289900C1F07A /* Sources */,
				825634F71809289900C1F07A /* Frameworks */,
				825634F81809289900C1F07A /* CopyFiles */,
			);
			buildRules = (
				825635AD18093C4000C1F07A /* PBXBuildRule */,
			);
			dependencies = (
			);
			name = Algorithms;
			productName = Algorithms;
			productType = "com.apple.product-type.tool";
		};
/* End PBXNativeTarget section */

/* Begin PBXProject section */
		825634F11809289800C1F07A /* Project object */ = {
			isa = PBXProject;
			attributes = {
				LastUpgradeCheck = 0450;
				ORGANIZATIONNAME = "Venkat Pedapati";
			};
			buildConfigurationList = 825634F41809289800C1F07A /* Build configuration list for PBXProject "Algorithms" */;
			compatibilityVersion = "Xcode 3.2";
			developmentRegion = English;
			hasScannedForEncodings = 0;
			knownRegions = (
				en,
			);
			mainGroup = 825634EF1809289800C1F07A;
			projectDirPath = "";
			projectRoot = "";
			targets = (
				825634F91809289900C1F07A /* Algorithms */,
			);
		};
/* End PBXProject section */

/* Begin PBXSourcesBuildPhase section */
		825634F61809289900C1F07A /* Sources */ = {
			isa = PBXSourcesBuildPhase;
			buildActionMask = 2147483647;
			files = (
				CF1EB96B8F48E06F1DEB4A3B /* lcs.cpp in Sources */,
				CF1EBB7B967E397DB11A4165 /* lis.cpp in Sources */,
				CF1EB403D3BB51432D1A95E9 /* lps.cpp in Sources */,
				CF1EB7469B57B55C1308B5F9 /* lss.cpp in Sources */,
				CF1EB7EDA4C1BBE1BAB697AC /* lpss.cpp in Sources */,
				CF1EB52E9D78FA34B482C081 /* main.cpp in Sources */,
				CF1EB92F444809FF97D7C66D /* animal.cpp in Sources */,
				CF1EB62CB96803426A0B894E /* ll_sum.cpp in Sources */,
				CF1EBB9BC1A5FD8E0B06AFAF /* median.cpp in Sources */,
				CF1EB4C3E5B0231D8AFB9928 /* anagram.cpp in Sources */,
				CF1EBF9C7673EE6723DE3D58 /* shuffle.cpp in Sources */,
				CF1EBFE63A4BC993871644DE /* fibonacci.cpp in Sources */,
				CF1EBDEC492DE94E2A9280E4 /* stack_sort.cpp in Sources */,
				CF1EBE7E7AA7D5E0D2A18E50 /* word_chain.cpp in Sources */,
				CF1EBFD23CDFFBCABA2D3760 /* closestpair.cpp in Sources */,
				CF1EB24803C2471EDBF17D90 /* matrix_zero.cpp in Sources */,
				CF1EB364EF0193A95988927C /* int_multiply.cpp in Sources */,
				CF1EB300BFD60E59E14CE9D6 /* job_scheduling.cpp in Sources */,
				CF1EBC1E3A2DD48FA5FFD5FE /* string_permute.cpp in Sources */,
				CF1EB59D0F84E29B715D7089 /* string_reverse.cpp in Sources */,
				CF1EB9B1C78514EAA8FD9650 /* stringcompress.cpp in Sources */,
				CF1EBF712B74B0431C345419 /* subsetswithsum.cpp in Sources */,
				CF1EB973AF8175D15FE5E984 /* biggest_interval.cpp in Sources */,
				CF1EBD16D19D1B48120368C7 /* integer_knapsack.cpp in Sources */,
				CF1EBFE6DF9F120C5196121D /* stable_partition.cpp in Sources */,
				CF1EBD9A5CEA3375B6F3FBF8 /* string_normalize.cpp in Sources */,
				CF1EB650357AA2FF5BED88A8 /* min_coins_for_sum.cpp in Sources */,
				CF1EB239368012A597DCFCE4 /* wildcard_expansion.cpp in Sources */,
				CF1EB77D7336FA7D69FB8B7E /* histogram_rectangle.cpp in Sources */,
				CF1EB4A50D23F38478F84A23 /* max_profit_buy_sell.cpp in Sources */,
				CF1EBF5D90B026BBECE589D3 /* steps_to_permutation.cpp in Sources */,
				CF1EBDDE8EB22D412FEB9610 /* max_overlapping_intervals.cpp in Sources */,
				CF1EB5364EBF8CA9DE45688A /* fixed_capacity_bool_vector.cpp in Sources */,
				CF1EBFFC02A3C24ACA84641F /* gtest-all.cc in Sources */,
				CF1EB413F48F0DF0D83899D2 /* all_tests.cpp in Sources */,
				CF1EB0392295D97D5DD50D1C /* heap_tests.cpp in Sources */,
				CF1EB2B333685D13FA45F928 /* array_tests.cpp in Sources */,
				CF1EBD35AA3A9AF8049F4A82 /* graph_tests.cpp in Sources */,
				CF1EB039221B5BEEDBE53074 /* queue_tests.cpp in Sources */,
				CF1EB2E2D983C756DE3DC899 /* stack_tests.cpp in Sources */,
				CF1EB29E689CF7F766D8F401 /* greedy_tests.cpp in Sources */,
				CF1EB9351ECCC2AC033CFF61 /* string_tests.cpp in Sources */,
				CF1EBC57C174724B6BC7325A /* lrucache_test.cpp in Sources */,
				CF1EBB8D4F6D08AE541D2377 /* sorting_tests.cpp in Sources */,
				CF1EB37ACC7C2F0F6E303D96 /* dyn_prog_tests.cpp in Sources */,
				CF1EB7F64EE67EFFA2A3E5AC /* karatsuba_test.cpp in Sources */,
				CF1EBB0E0F8C11526D6E28D8 /* selection_tests.cpp in Sources */,
				CF1EB0F89A34AB27329C8B1A /* binarytree_tests.cpp in Sources */,
				CF1EB30F9731235A60AAE4B3 /* closestpair_test.cpp in Sources */,
				CF1EB80B6F95456BA51B5907 /* linkedlist_tests.cpp in Sources */,
				CF1EB2401FAF9441F948496C /* boolean_vector_tests.cpp in Sources */,
				CF1EBA3DD63803351652F3E8 /* palindrome.cpp in Sources */,
				CF1EB5F89A222F58A0EB31C5 /* stamp_coloring.cpp in Sources */,
				CF1EB572E92282FA4AC45461 /* top_coder_tests.cpp in Sources */,
				CF1EBC5891A89FBA69549F96 /* colorful_road.cpp in Sources */,
			);
			runOnlyForDeploymentPostprocessing = 0;
		};
/* End PBXSourcesBuildPhase section */

/* Begin XCBuildConfiguration section */
		825635021809289900C1F07A /* Debug */ = {
			isa = XCBuildConfiguration;
			buildSettings = {
				ALWAYS_SEARCH_USER_PATHS = NO;
				ARCHS = "$(ARCHS_STANDARD_64_BIT)";
				CLANG_CXX_LANGUAGE_STANDARD = "gnu++0x";
				CLANG_CXX_LIBRARY = "libc++";
				CLANG_ENABLE_OBJC_ARC = YES;
				CLANG_WARN_EMPTY_BODY = YES;
				CLANG_WARN__DUPLICATE_METHOD_MATCH = YES;
				COPY_PHASE_STRIP = NO;
				GCC_C_LANGUAGE_STANDARD = gnu99;
				GCC_DYNAMIC_NO_PIC = NO;
				GCC_ENABLE_OBJC_EXCEPTIONS = YES;
				GCC_OPTIMIZATION_LEVEL = 0;
				GCC_PREPROCESSOR_DEFINITIONS = (
					"DEBUG=1",
					"$(inherited)",
				);
				GCC_SYMBOLS_PRIVATE_EXTERN = NO;
				GCC_WARN_64_TO_32_BIT_CONVERSION = YES;
				GCC_WARN_ABOUT_RETURN_TYPE = YES;
				GCC_WARN_UNINITIALIZED_AUTOS = YES;
				GCC_WARN_UNUSED_VARIABLE = YES;
				HEADER_SEARCH_PATHS = (
					/Users/venkat/Documents/Projects/practice/algorithms/contrib,
				);
				MACOSX_DEPLOYMENT_TARGET = 10.8;
				ONLY_ACTIVE_ARCH = YES;
				OTHER_LDFLAGS = (
				);
				SDKROOT = macosx;
			};
			name = Debug;
		};
		825635031809289900C1F07A /* Release */ = {
			isa = XCBuildConfiguration;
			buildSettings = {
				ALWAYS_SEARCH_USER_PATHS = NO;
				ARCHS = "$(ARCHS_STANDARD_64_BIT)";
				CLANG_CXX_LANGUAGE_STANDARD = "gnu++0x";
				CLANG_CXX_LIBRARY = "libc++";
				CLANG_ENABLE_OBJC_ARC = YES;
				CLANG_WARN_EMPTY_BODY = YES;
				CLANG_WARN__DUPLICATE_METHOD_MATCH = YES;
				COPY_PHASE_STRIP = YES;
				DEBUG_INFORMATION_FORMAT = "dwarf-with-dsym";
				GCC_C_LANGUAGE_STANDARD = gnu99;
				GCC_ENABLE_OBJC_EXCEPTIONS = YES;
				GCC_WARN_64_TO_32_BIT_CONVERSION = YES;
				GCC_WARN_ABOUT_RETURN_TYPE = YES;
				GCC_WARN_UNINITIALIZED_AUTOS = YES;
				GCC_WARN_UNUSED_VARIABLE = YES;
				MACOSX_DEPLOYMENT_TARGET = 10.8;
				SDKROOT = macosx;
			};
			name = Release;
		};
		825635051809289900C1F07A /* Debug */ = {
			isa = XCBuildConfiguration;
			buildSettings = {
				OTHER_CPLUSPLUSFLAGS = (
					"$(OTHER_CFLAGS)",
					"-I/Users/venkat/Documents/Projects/practice/algorithms/contrib",
					"-DGTEST_USE_OWN_TR1_TUPLE=1",
					"-Wno-int-to-pointer-cast",
					"-Wno-pointer-to-int-cast",
				);
				PRODUCT_NAME = "$(TARGET_NAME)";
				SCAN_ALL_SOURCE_FILES_FOR_INCLUDES = YES;
			};
			name = Debug;
		};
		825635061809289900C1F07A /* Release */ = {
			isa = XCBuildConfiguration;
			buildSettings = {
				OTHER_CPLUSPLUSFLAGS = (
					"$(OTHER_CFLAGS)",
					"-I/Users/venkat/Documents/Projects/practice/algorithms/contrib",
					"-DGTEST_USE_OWN_TR1_TUPLE=1",
				);
				PRODUCT_NAME = "$(TARGET_NAME)";
				SCAN_ALL_SOURCE_FILES_FOR_INCLUDES = YES;
			};
			name = Release;
		};
/* End XCBuildConfiguration section */

/* Begin XCConfigurationList section */
		825634F41809289800C1F07A /* Build configuration list for PBXProject "Algorithms" */ = {
			isa = XCConfigurationList;
			buildConfigurations = (
				825635021809289900C1F07A /* Debug */,
				825635031809289900C1F07A /* Release */,
			);
			defaultConfigurationIsVisible = 0;
			defaultConfigurationName = Release;
		};
		825635041809289900C1F07A /* Build configuration list for PBXNativeTarget "Algorithms" */ = {
			isa = XCConfigurationList;
			buildConfigurations = (
				825635051809289900C1F07A /* Debug */,
				825635061809289900C1F07A /* Release */,
			);
			defaultConfigurationIsVisible = 0;
		};
/* End XCConfigurationList section */
	};
	rootObject = 825634F11809289800C1F07A /* Project object */;
}
